// !$*UTF8*$!
{
	archiveVersion = 1;
	classes = {
	};
	objectVersion = 50;
	objects = {

/* Begin PBXBuildFile section */
		54B34E46208DAA6500FA6F57 /* AppDelegate.m in Sources */ = {isa = PBXBuildFile; fileRef = 54B34E45208DAA6500FA6F57 /* AppDelegate.m */; };
		54B34E49208DAA6500FA6F57 /* ViewController.m in Sources */ = {isa = PBXBuildFile; fileRef = 54B34E48208DAA6500FA6F57 /* ViewController.m */; };
		54B34E4C208DAA6500FA6F57 /* Main.storyboard in Resources */ = {isa = PBXBuildFile; fileRef = 54B34E4A208DAA6500FA6F57 /* Main.storyboard */; };
		54B34E4E208DAA6900FA6F57 /* Assets.xcassets in Resources */ = {isa = PBXBuildFile; fileRef = 54B34E4D208DAA6900FA6F57 /* Assets.xcassets */; };
		54B34E51208DAA6900FA6F57 /* LaunchScreen.storyboard in Resources */ = {isa = PBXBuildFile; fileRef = 54B34E4F208DAA6900FA6F57 /* LaunchScreen.storyboard */; };
		54B34E54208DAA6900FA6F57 /* main.m in Sources */ = {isa = PBXBuildFile; fileRef = 54B34E53208DAA6900FA6F57 /* main.m */; };
		54B34E5E208DAA6900FA6F57 /* __ios__Tests.m in Sources */ = {isa = PBXBuildFile; fileRef = 54B34E5D208DAA6900FA6F57 /* __ios__Tests.m */; };
		54B34E69208DAA6900FA6F57 /* __ios__UITests.m in Sources */ = {isa = PBXBuildFile; fileRef = 54B34E68208DAA6900FA6F57 /* __ios__UITests.m */; };
/* End PBXBuildFile section */

/* Begin PBXContainerItemProxy section */
		54B34E5A208DAA6900FA6F57 /* PBXContainerItemProxy */ = {
			isa = PBXContainerItemProxy;
			containerPortal = 54B34E39208DAA6500FA6F57 /* Project object */;
			proxyType = 1;
			remoteGlobalIDString = 54B34E40208DAA6500FA6F57;
			remoteInfo = "打开ios文档";
		};
		54B34E65208DAA6900FA6F57 /* PBXContainerItemProxy */ = {
			isa = PBXContainerItemProxy;
			containerPortal = 54B34E39208DAA6500FA6F57 /* Project object */;
			proxyType = 1;
			remoteGlobalIDString = 54B34E40208DAA6500FA6F57;
			remoteInfo = "打开ios文档";
		};
/* End PBXContainerItemProxy section */

/* Begin PBXFileReference section */
		54B34E41208DAA6500FA6F57 /* 打开ios文档.app */ = {isa = PBXFileReference; explicitFileType = wrapper.application; includeInIndex = 0; path = "打开ios文档.app"; sourceTree = BUILT_PRODUCTS_DIR; };
		54B34E44208DAA6500FA6F57 /* AppDelegate.h */ = {isa = PBXFileReference; lastKnownFileType = sourcecode.c.h; path = AppDelegate.h; sourceTree = "<group>"; };
		54B34E45208DAA6500FA6F57 /* AppDelegate.m */ = {isa = PBXFileReference; lastKnownFileType = sourcecode.c.objc; path = AppDelegate.m; sourceTree = "<group>"; };
		54B34E47208DAA6500FA6F57 /* ViewController.h */ = {isa = PBXFileReference; lastKnownFileType = sourcecode.c.h; path = ViewController.h; sourceTree = "<group>"; };
		54B34E48208DAA6500FA6F57 /* ViewController.m */ = {isa = PBXFileReference; lastKnownFileType = sourcecode.c.objc; path = ViewController.m; sourceTree = "<group>"; };
		54B34E4B208DAA6500FA6F57 /* Base */ = {isa = PBXFileReference; lastKnownFileType = file.storyboard; name = Base; path = Base.lproj/Main.storyboard; sourceTree = "<group>"; };
		54B34E4D208DAA6900FA6F57 /* Assets.xcassets */ = {isa = PBXFileReference; lastKnownFileType = folder.assetcatalog; path = Assets.xcassets; sourceTree = "<group>"; };
		54B34E50208DAA6900FA6F57 /* Base */ = {isa = PBXFileReference; lastKnownFileType = file.storyboard; name = Base; path = Base.lproj/LaunchScreen.storyboard; sourceTree = "<group>"; };
		54B34E52208DAA6900FA6F57 /* Info.plist */ = {isa = PBXFileReference; lastKnownFileType = text.plist.xml; path = Info.plist; sourceTree = "<group>"; };
		54B34E53208DAA6900FA6F57 /* main.m */ = {isa = PBXFileReference; lastKnownFileType = sourcecode.c.objc; path = main.m; sourceTree = "<group>"; };
		54B34E59208DAA6900FA6F57 /* 打开ios文档Tests.xctest */ = {isa = PBXFileReference; explicitFileType = wrapper.cfbundle; includeInIndex = 0; path = "打开ios文档Tests.xctest"; sourceTree = BUILT_PRODUCTS_DIR; };
		54B34E5D208DAA6900FA6F57 /* __ios__Tests.m */ = {isa = PBXFileReference; lastKnownFileType = sourcecode.c.objc; path = __ios__Tests.m; sourceTree = "<group>"; };
		54B34E5F208DAA6900FA6F57 /* Info.plist */ = {isa = PBXFileReference; lastKnownFileType = text.plist.xml; path = Info.plist; sourceTree = "<group>"; };
		54B34E64208DAA6900FA6F57 /* 打开ios文档UITests.xctest */ = {isa = PBXFileReference; explicitFileType = wrapper.cfbundle; includeInIndex = 0; path = "打开ios文档UITests.xctest"; sourceTree = BUILT_PRODUCTS_DIR; };
		54B34E68208DAA6900FA6F57 /* __ios__UITests.m */ = {isa = PBXFileReference; lastKnownFileType = sourcecode.c.objc; path = __ios__UITests.m; sourceTree = "<group>"; };
		54B34E6A208DAA6900FA6F57 /* Info.plist */ = {isa = PBXFileReference; lastKnownFileType = text.plist.xml; path = Info.plist; sourceTree = "<group>"; };
/* End PBXFileReference section */

/* Begin PBXFrameworksBuildPhase section */
		54B34E3E208DAA6500FA6F57 /* Frameworks */ = {
			isa = PBXFrameworksBuildPhase;
			buildActionMask = 2147483647;
			files = (
			);
			runOnlyForDeploymentPostprocessing = 0;
		};
		54B34E56208DAA6900FA6F57 /* Frameworks */ = {
			isa = PBXFrameworksBuildPhase;
			buildActionMask = 2147483647;
			files = (
			);
			runOnlyForDeploymentPostprocessing = 0;
		};
		54B34E61208DAA6900FA6F57 /* Frameworks */ = {
			isa = PBXFrameworksBuildPhase;
			buildActionMask = 2147483647;
			files = (
			);
			runOnlyForDeploymentPostprocessing = 0;
		};
/* End PBXFrameworksBuildPhase section */

/* Begin PBXGroup section */
		54B34E38208DAA6500FA6F57 = {
			isa = PBXGroup;
			children = (
				54B34E43208DAA6500FA6F57 /* 打开ios文档 */,
				54B34E5C208DAA6900FA6F57 /* 打开ios文档Tests */,
				54B34E67208DAA6900FA6F57 /* 打开ios文档UITests */,
				54B34E42208DAA6500FA6F57 /* Products */,
			);
			sourceTree = "<group>";
		};
		54B34E42208DAA6500FA6F57 /* Products */ = {
			isa = PBXGroup;
			children = (
				54B34E41208DAA6500FA6F57 /* 打开ios文档.app */,
				54B34E59208DAA6900FA6F57 /* 打开ios文档Tests.xctest */,
				54B34E64208DAA6900FA6F57 /* 打开ios文档UITests.xctest */,
			);
			name = Products;
			sourceTree = "<group>";
		};
		54B34E43208DAA6500FA6F57 /* 打开ios文档 */ = {
			isa = PBXGroup;
			children = (
				54B34E44208DAA6500FA6F57 /* AppDelegate.h */,
				54B34E45208DAA6500FA6F57 /* AppDelegate.m */,
				54B34E47208DAA6500FA6F57 /* ViewController.h */,
				54B34E48208DAA6500FA6F57 /* ViewController.m */,
				54B34E4A208DAA6500FA6F57 /* Main.storyboard */,
				54B34E4D208DAA6900FA6F57 /* Assets.xcassets */,
				54B34E4F208DAA6900FA6F57 /* LaunchScreen.storyboard */,
				54B34E52208DAA6900FA6F57 /* Info.plist */,
				54B34E53208DAA6900FA6F57 /* main.m */,
			);
			path = "打开ios文档";
			sourceTree = "<group>";
		};
		54B34E5C208DAA6900FA6F57 /* 打开ios文档Tests */ = {
			isa = PBXGroup;
			children = (
				54B34E5D208DAA6900FA6F57 /* __ios__Tests.m */,
				54B34E5F208DAA6900FA6F57 /* Info.plist */,
			);
			path = "打开ios文档Tests";
			sourceTree = "<group>";
		};
		54B34E67208DAA6900FA6F57 /* 打开ios文档UITests */ = {
			isa = PBXGroup;
			children = (
				54B34E68208DAA6900FA6F57 /* __ios__UITests.m */,
				54B34E6A208DAA6900FA6F57 /* Info.plist */,
			);
			path = "打开ios文档UITests";
			sourceTree = "<group>";
		};
/* End PBXGroup section */

/* Begin PBXNativeTarget section */
		54B34E40208DAA6500FA6F57 /* 打开ios文档 */ = {
			isa = PBXNativeTarget;
			buildConfigurationList = 54B34E6D208DAA6900FA6F57 /* Build configuration list for PBXNativeTarget "打开ios文档" */;
			buildPhases = (
				54B34E3D208DAA6500FA6F57 /* Sources */,
				54B34E3E208DAA6500FA6F57 /* Frameworks */,
				54B34E3F208DAA6500FA6F57 /* Resources */,
			);
			buildRules = (
			);
			dependencies = (
			);
			name = "打开ios文档";
			productName = "打开ios文档";
			productReference = 54B34E41208DAA6500FA6F57 /* 打开ios文档.app */;
			productType = "com.apple.product-type.application";
		};
		54B34E58208DAA6900FA6F57 /* 打开ios文档Tests */ = {
			isa = PBXNativeTarget;
			buildConfigurationList = 54B34E70208DAA6900FA6F57 /* Build configuration list for PBXNativeTarget "打开ios文档Tests" */;
			buildPhases = (
				54B34E55208DAA6900FA6F57 /* Sources */,
				54B34E56208DAA6900FA6F57 /* Frameworks */,
				54B34E57208DAA6900FA6F57 /* Resources */,
			);
			buildRules = (
			);
			dependencies = (
				54B34E5B208DAA6900FA6F57 /* PBXTargetDependency */,
			);
			name = "打开ios文档Tests";
			productName = "打开ios文档Tests";
			productReference = 54B34E59208DAA6900FA6F57 /* 打开ios文档Tests.xctest */;
			productType = "com.apple.product-type.bundle.unit-test";
		};
		54B34E63208DAA6900FA6F57 /* 打开ios文档UITests */ = {
			isa = PBXNativeTarget;
			buildConfigurationList = 54B34E73208DAA6900FA6F57 /* Build configuration list for PBXNativeTarget "打开ios文档UITests" */;
			buildPhases = (
				54B34E60208DAA6900FA6F57 /* Sources */,
				54B34E61208DAA6900FA6F57 /* Frameworks */,
				54B34E62208DAA6900FA6F57 /* Resources */,
			);
			buildRules = (
			);
			dependencies = (
				54B34E66208DAA6900FA6F57 /* PBXTargetDependency */,
			);
			name = "打开ios文档UITests";
			productName = "打开ios文档UITests";
			productReference = 54B34E64208DAA6900FA6F57 /* 打开ios文档UITests.xctest */;
			productType = "com.apple.product-type.bundle.ui-testing";
		};
/* End PBXNativeTarget section */

/* Begin PBXProject section */
		54B34E39208DAA6500FA6F57 /* Project object */ = {
			isa = PBXProject;
			attributes = {
				LastUpgradeCheck = 0930;
				ORGANIZATIONNAME = com.yuanliu;
				TargetAttributes = {
					54B34E40208DAA6500FA6F57 = {
						CreatedOnToolsVersion = 9.3;
					};
					54B34E58208DAA6900FA6F57 = {
						CreatedOnToolsVersion = 9.3;
						TestTargetID = 54B34E40208DAA6500FA6F57;
					};
					54B34E63208DAA6900FA6F57 = {
						CreatedOnToolsVersion = 9.3;
						TestTargetID = 54B34E40208DAA6500FA6F57;
					};
				};
			};
			buildConfigurationList = 54B34E3C208DAA6500FA6F57 /* Build configuration list for PBXProject "打开ios文档" */;
			compatibilityVersion = "Xcode 9.3";
			developmentRegion = en;
			hasScannedForEncodings = 0;
			knownRegions = (
				en,
				Base,
			);
			mainGroup = 54B34E38208DAA6500FA6F57;
			productRefGroup = 54B34E42208DAA6500FA6F57 /* Products */;
			projectDirPath = "";
			projectRoot = "";
			targets = (
				54B34E40208DAA6500FA6F57 /* 打开ios文档 */,
				54B34E58208DAA6900FA6F57 /* 打开ios文档Tests */,
				54B34E63208DAA6900FA6F57 /* 打开ios文档UITests */,
			);
		};
/* End PBXProject section */

/* Begin PBXResourcesBuildPhase section */
		54B34E3F208DAA6500FA6F57 /* Resources */ = {
			isa = PBXResourcesBuildPhase;
			buildActionMask = 2147483647;
			files = (
				54B34E51208DAA6900FA6F57 /* LaunchScreen.storyboard in Resources */,
				54B34E4E208DAA6900FA6F57 /* Assets.xcassets in Resources */,
				54B34E4C208DAA6500FA6F57 /* Main.storyboard in Resources */,
			);
			runOnlyForDeploymentPostprocessing = 0;
		};
		54B34E57208DAA6900FA6F57 /* Resources */ = {
			isa = PBXResourcesBuildPhase;
			buildActionMask = 2147483647;
			files = (
			);
			runOnlyForDeploymentPostprocessing = 0;
		};
		54B34E62208DAA6900FA6F57 /* Resources */ = {
			isa = PBXResourcesBuildPhase;
			buildActionMask = 2147483647;
			files = (
			);
			runOnlyForDeploymentPostprocessing = 0;
		};
/* End PBXResourcesBuildPhase section */

/* Begin PBXSourcesBuildPhase section */
		54B34E3D208DAA6500FA6F57 /* Sources */ = {
			isa = PBXSourcesBuildPhase;
			buildActionMask = 2147483647;
			files = (
				54B34E49208DAA6500FA6F57 /* ViewController.m in Sources */,
				54B34E54208DAA6900FA6F57 /* main.m in Sources */,
				54B34E46208DAA6500FA6F57 /* AppDelegate.m in Sources */,
			);
			runOnlyForDeploymentPostprocessing = 0;
		};
		54B34E55208DAA6900FA6F57 /* Sources */ = {
			isa = PBXSourcesBuildPhase;
			buildActionMask = 2147483647;
			files = (
				54B34E5E208DAA6900FA6F57 /* __ios__Tests.m in Sources */,
			);
			runOnlyForDeploymentPostprocessing = 0;
		};
		54B34E60208DAA6900FA6F57 /* Sources */ = {
			isa = PBXSourcesBuildPhase;
			buildActionMask = 2147483647;
			files = (
				54B34E69208DAA6900FA6F57 /* __ios__UITests.m in Sources */,
			);
			runOnlyForDeploymentPostprocessing = 0;
		};
/* End PBXSourcesBuildPhase section */

/* Begin PBXTargetDependency section */
		54B34E5B208DAA6900FA6F57 /* PBXTargetDependency */ = {
			isa = PBXTargetDependency;
			target = 54B34E40208DAA6500FA6F57 /* 打开ios文档 */;
			targetProxy = 54B34E5A208DAA6900FA6F57 /* PBXContainerItemProxy */;
		};
		54B34E66208DAA6900FA6F57 /* PBXTargetDependency */ = {
			isa = PBXTargetDependency;
			target = 54B34E40208DAA6500FA6F57 /* 打开ios文档 */;
			targetProxy = 54B34E65208DAA6900FA6F57 /* PBXContainerItemProxy */;
		};
/* End PBXTargetDependency section */

/* Begin PBXVariantGroup section */
		54B34E4A208DAA6500FA6F57 /* Main.storyboard */ = {
			isa = PBXVariantGroup;
			children = (
				54B34E4B208DAA6500FA6F57 /* Base */,
			);
			name = Main.storyboard;
			sourceTree = "<group>";
		};
		54B34E4F208DAA6900FA6F57 /* LaunchScreen.storyboard */ = {
			isa = PBXVariantGroup;
			children = (
				54B34E50208DAA6900FA6F57 /* Base */,
			);
			name = LaunchScreen.storyboard;
			sourceTree = "<group>";
		};
/* End PBXVariantGroup section */

/* Begin XCBuildConfiguration section */
		54B34E6B208DAA6900FA6F57 /* Debug */ = {
			isa = XCBuildConfiguration;
			buildSettings = {
				ALWAYS_SEARCH_USER_PATHS = NO;
				CLANG_ANALYZER_NONNULL = YES;
				CLANG_ANALYZER_NUMBER_OBJECT_CONVERSION = YES_AGGRESSIVE;
				CLANG_CXX_LANGUAGE_STANDARD = "gnu++14";
				CLANG_CXX_LIBRARY = "libc++";
				CLANG_ENABLE_MODULES = YES;
				CLANG_ENABLE_OBJC_ARC = YES;
				CLANG_ENABLE_OBJC_WEAK = YES;
				CLANG_WARN_BLOCK_CAPTURE_AUTORELEASING = YES;
				CLANG_WARN_BOOL_CONVERSION = YES;
				CLANG_WARN_COMMA = YES;
				CLANG_WARN_CONSTANT_CONVERSION = YES;
				CLANG_WARN_DEPRECATED_OBJC_IMPLEMENTATIONS = YES;
				CLANG_WARN_DIRECT_OBJC_ISA_USAGE = YES_ERROR;
				CLANG_WARN_DOCUMENTATION_COMMENTS = YES;
				CLANG_WARN_EMPTY_BODY = YES;
				CLANG_WARN_ENUM_CONVERSION = YES;
				CLANG_WARN_INFINITE_RECURSION = YES;
				CLANG_WARN_INT_CONVERSION = YES;
				CLANG_WARN_NON_LITERAL_NULL_CONVERSION = YES;
				CLANG_WARN_OBJC_IMPLICIT_RETAIN_SELF = YES;
				CLANG_WARN_OBJC_LITERAL_CONVERSION = YES;
				CLANG_WARN_OBJC_ROOT_CLASS = YES_ERROR;
				CLANG_WARN_RANGE_LOOP_ANALYSIS = YES;
				CLANG_WARN_STRICT_PROTOTYPES = YES;
				CLANG_WARN_SUSPICIOUS_MOVE = YES;
				CLANG_WARN_UNGUARDED_AVAILABILITY = YES_AGGRESSIVE;
				CLANG_WARN_UNREACHABLE_CODE = YES;
				CLANG_WARN__DUPLICATE_METHOD_MATCH = YES;
				CODE_SIGN_IDENTITY = "iPhone Developer";
				COPY_PHASE_STRIP = NO;
				DEBUG_INFORMATION_FORMAT = dwarf;
				ENABLE_STRICT_OBJC_MSGSEND = YES;
				ENABLE_TESTABILITY = YES;
				GCC_C_LANGUAGE_STANDARD = gnu11;
				GCC_DYNAMIC_NO_PIC = NO;
				GCC_NO_COMMON_BLOCKS = YES;
				GCC_OPTIMIZATION_LEVEL = 0;
				GCC_PREPROCESSOR_DEFINITIONS = (
					"DEBUG=1",
					"$(inherited)",
				);
				GCC_WARN_64_TO_32_BIT_CONVERSION = YES;
				GCC_WARN_ABOUT_RETURN_TYPE = YES_ERROR;
				GCC_WARN_UNDECLARED_SELECTOR = YES;
				GCC_WARN_UNINITIALIZED_AUTOS = YES_AGGRESSIVE;
				GCC_WARN_UNUSED_FUNCTION = YES;
				GCC_WARN_UNUSED_VARIABLE = YES;
				IPHONEOS_DEPLOYMENT_TARGET = 11.3;
				MTL_ENABLE_DEBUG_INFO = YES;
				ONLY_ACTIVE_ARCH = YES;
				SDKROOT = iphoneos;
			};
			name = Debug;
		};
		54B34E6C208DAA6900FA6F57 /* Release */ = {
			isa = XCBuildConfiguration;
			buildSettings = {
				ALWAYS_SEARCH_USER_PATHS = NO;
				CLANG_ANALYZER_NONNULL = YES;
				CLANG_ANALYZER_NUMBER_OBJECT_CONVERSION = YES_AGGRESSIVE;
				CLANG_CXX_LANGUAGE_STANDARD = "gnu++14";
				CLANG_CXX_LIBRARY = "libc++";
				CLANG_ENABLE_MODULES = YES;
				CLANG_ENABLE_OBJC_ARC = YES;
				CLANG_ENABLE_OBJC_WEAK = YES;
				CLANG_WARN_BLOCK_CAPTURE_AUTORELEASING = YES;
				CLANG_WARN_BOOL_CONVERSION = YES;
				CLANG_WARN_COMMA = YES;
				CLANG_WARN_CONSTANT_CONVERSION = YES;
				CLANG_WARN_DEPRECATED_OBJC_IMPLEMENTATIONS = YES;
				CLANG_WARN_DIRECT_OBJC_ISA_USAGE = YES_ERROR;
				CLANG_WARN_DOCUMENTATION_COMMENTS = YES;
				CLANG_WARN_EMPTY_BODY = YES;
				CLANG_WARN_ENUM_CONVERSION = YES;
				CLANG_WARN_INFINITE_RECURSION = YES;
				CLANG_WARN_INT_CONVERSION = YES;
				CLANG_WARN_NON_LITERAL_NULL_CONVERSION = YES;
				CLANG_WARN_OBJC_IMPLICIT_RETAIN_SELF = YES;
				CLANG_WARN_OBJC_LITERAL_CONVERSION = YES;
				CLANG_WARN_OBJC_ROOT_CLASS = YES_ERROR;
				CLANG_WARN_RANGE_LOOP_ANALYSIS = YES;
				CLANG_WARN_STRICT_PROTOTYPES = YES;
				CLANG_WARN_SUSPICIOUS_MOVE = YES;
				CLANG_WARN_UNGUARDED_AVAILABILITY = YES_AGGRESSIVE;
				CLANG_WARN_UNREACHABLE_CODE = YES;
				CLANG_WARN__DUPLICATE_METHOD_MATCH = YES;
				CODE_SIGN_IDENTITY = "iPhone Developer";
				COPY_PHASE_STRIP = NO;
				DEBUG_INFORMATION_FORMAT = "dwarf-with-dsym";
				ENABLE_NS_ASSERTIONS = NO;
				ENABLE_STRICT_OBJC_MSGSEND = YES;
				GCC_C_LANGUAGE_STANDARD = gnu11;
				GCC_NO_COMMON_BLOCKS = YES;
				GCC_WARN_64_TO_32_BIT_CONVERSION = YES;
				GCC_WARN_ABOUT_RETURN_TYPE = YES_ERROR;
				GCC_WARN_UNDECLARED_SELECTOR = YES;
				GCC_WARN_UNINITIALIZED_AUTOS = YES_AGGRESSIVE;
				GCC_WARN_UNUSED_FUNCTION = YES;
				GCC_WARN_UNUSED_VARIABLE = YES;
				IPHONEOS_DEPLOYMENT_TARGET = 11.3;
				MTL_ENABLE_DEBUG_INFO = NO;
				SDKROOT = iphoneos;
				VALIDATE_PRODUCT = YES;
			};
			name = Release;
		};
		54B34E6E208DAA6900FA6F57 /* Debug */ = {
			isa = XCBuildConfiguration;
			buildSettings = {
				ASSETCATALOG_COMPILER_APPICON_NAME = AppIcon;
				CODE_SIGN_STYLE = Automatic;
				DEVELOPMENT_TEAM = 4SYEQDQSW5;
				INFOPLIST_FILE = "打开ios文档/Info.plist";
				LD_RUNPATH_SEARCH_PATHS = (
					"$(inherited)",
					"@executable_path/Frameworks",
				);
				PRODUCT_BUNDLE_IDENTIFIER = "com.yuanliu.--ios--";
				PRODUCT_NAME = "$(TARGET_NAME)";
				TARGETED_DEVICE_FAMILY = "1,2";
			};
			name = Debug;
		};
		54B34E6F208DAA6900FA6F57 /* Release */ = {
			isa = XCBuildConfiguration;
			buildSettings = {
				ASSETCATALOG_COMPILER_APPICON_NAME = AppIcon;
				CODE_SIGN_STYLE = Automatic;
				DEVELOPMENT_TEAM = 4SYEQDQSW5;
				INFOPLIST_FILE = "打开ios文档/Info.plist";
				LD_RUNPATH_SEARCH_PATHS = (
					"$(inherited)",
					"@executable_path/Frameworks",
				);
				PRODUCT_BUNDLE_IDENTIFIER = "com.yuanliu.--ios--";
				PRODUCT_NAME = "$(TARGET_NAME)";
				TARGETED_DEVICE_FAMILY = "1,2";
			};
			name = Release;
		};
		54B34E71208DAA6900FA6F57 /* Debug */ = {
			isa = XCBuildConfiguration;
			buildSettings = {
				BUNDLE_LOADER = "$(TEST_HOST)";
				CODE_SIGN_STYLE = Automatic;
				INFOPLIST_FILE = "打开ios文档Tests/Info.plist";
				LD_RUNPATH_SEARCH_PATHS = (
					"$(inherited)",
					"@executable_path/Frameworks",
					"@loader_path/Frameworks",
				);
				PRODUCT_BUNDLE_IDENTIFIER = "com.yuanliu.--ios--Tests";
				PRODUCT_NAME = "$(TARGET_NAME)";
				TARGETED_DEVICE_FAMILY = "1,2";
				TEST_HOST = "$(BUILT_PRODUCTS_DIR)/打开ios文档.app/打开ios文档";
			};
			name = Debug;
		};
		54B34E72208DAA6900FA6F57 /* Release */ = {
			isa = XCBuildConfiguration;
			buildSettings = {
				BUNDLE_LOADER = "$(TEST_HOST)";
				CODE_SIGN_STYLE = Automatic;
				INFOPLIST_FILE = "打开ios文档Tests/Info.plist";
				LD_RUNPATH_SEARCH_PATHS = (
					"$(inherited)",
					"@executable_path/Frameworks",
					"@loader_path/Frameworks",
				);
				PRODUCT_BUNDLE_IDENTIFIER = "com.yuanliu.--ios--Tests";
				PRODUCT_NAME = "$(TARGET_NAME)";
				TARGETED_DEVICE_FAMILY = "1,2";
				TEST_HOST = "$(BUILT_PRODUCTS_DIR)/打开ios文档.app/打开ios文档";
			};
			name = Release;
		};
		54B34E74208DAA6900FA6F57 /* Debug */ = {
			isa = XCBuildConfiguration;
			buildSettings = {
				CODE_SIGN_STYLE = Automatic;
				INFOPLIST_FILE = "打开ios文档UITests/Info.plist";
				LD_RUNPATH_SEARCH_PATHS = (
					"$(inherited)",
					"@executable_path/Frameworks",
					"@loader_path/Frameworks",
				);
				PRODUCT_BUNDLE_IDENTIFIER = "com.yuanliu.--ios--UITests";
				PRODUCT_NAME = "$(TARGET_NAME)";
				TARGETED_DEVICE_FAMILY = "1,2";
				TEST_TARGET_NAME = "打开ios文档";
			};
			name = Debug;
		};
		54B34E75208DAA6900FA6F57 /* Release */ = {
			isa = XCBuildConfiguration;
			buildSettings = {
				CODE_SIGN_STYLE = Automatic;
				INFOPLIST_FILE = "打开ios文档UITests/Info.plist";
				LD_RUNPATH_SEARCH_PATHS = (
					"$(inherited)",
					"@executable_path/Frameworks",
					"@loader_path/Frameworks",
				);
				PRODUCT_BUNDLE_IDENTIFIER = "com.yuanliu.--ios--UITests";
				PRODUCT_NAME = "$(TARGET_NAME)";
				TARGETED_DEVICE_FAMILY = "1,2";
				TEST_TARGET_NAME = "打开ios文档";
			};
			name = Release;
		};
/* End XCBuildConfiguration section */

/* Begin XCConfigurationList section */
		54B34E3C208DAA6500FA6F57 /* Build configuration list for PBXProject "打开ios文档" */ = {
			isa = XCConfigurationList;
			buildConfigurations = (
				54B34E6B208DAA6900FA6F57 /* Debug */,
				54B34E6C208DAA6900FA6F57 /* Release */,
			);
			defaultConfigurationIsVisible = 0;
			defaultConfigurationName = Release;
		};
		54B34E6D208DAA6900FA6F57 /* Build configuration list for PBXNativeTarget "打开ios文档" */ = {
			isa = XCConfigurationList;
			buildConfigurations = (
				54B34E6E208DAA6900FA6F57 /* Debug */,
				54B34E6F208DAA6900FA6F57 /* Release */,
			);
			defaultConfigurationIsVisible = 0;
			defaultConfigurationName = Release;
		};
		54B34E70208DAA6900FA6F57 /* Build configuration list for PBXNativeTarget "打开ios文档Tests" */ = {
			isa = XCConfigurationList;
			buildConfigurations = (
				54B34E71208DAA6900FA6F57 /* Debug */,
				54B34E72208DAA6900FA6F57 /* Release */,
			);
			defaultConfigurationIsVisible = 0;
			defaultConfigurationName = Release;
		};
		54B34E73208DAA6900FA6F57 /* Build configuration list for PBXNativeTarget "打开ios文档UITests" */ = {
			isa = XCConfigurationList;
			buildConfigurations = (
				54B34E74208DAA6900FA6F57 /* Debug */,
				54B34E75208DAA6900FA6F57 /* Release */,
			);
			defaultConfigurationIsVisible = 0;
			defaultConfigurationName = Release;
		};
/* End XCConfigurationList section */
	};
	rootObject = 54B34E39208DAA6500FA6F57 /* Project object */;
}
