// !$*UTF8*$!
{
	archiveVersion = 1;
	classes = {
	};
	objectVersion = 48;
	objects = {

/* Begin PBXBuildFile section */
		5440C4801FC6C9EA0073C74A /* AppDelegate.m in Sources */ = {isa = PBXBuildFile; fileRef = 5440C47F1FC6C9EA0073C74A /* AppDelegate.m */; };
		5440C4831FC6C9EA0073C74A /* ViewController.m in Sources */ = {isa = PBXBuildFile; fileRef = 5440C4821FC6C9EA0073C74A /* ViewController.m */; };
		5440C4861FC6C9EA0073C74A /* Main.storyboard in Resources */ = {isa = PBXBuildFile; fileRef = 5440C4841FC6C9EA0073C74A /* Main.storyboard */; };
		5440C4881FC6C9EA0073C74A /* Assets.xcassets in Resources */ = {isa = PBXBuildFile; fileRef = 5440C4871FC6C9EA0073C74A /* Assets.xcassets */; };
		5440C48B1FC6C9EA0073C74A /* LaunchScreen.storyboard in Resources */ = {isa = PBXBuildFile; fileRef = 5440C4891FC6C9EA0073C74A /* LaunchScreen.storyboard */; };
		5440C48E1FC6C9EA0073C74A /* main.m in Sources */ = {isa = PBXBuildFile; fileRef = 5440C48D1FC6C9EA0073C74A /* main.m */; };
		5440C4981FC6C9EA0073C74A /* _2345Tests.m in Sources */ = {isa = PBXBuildFile; fileRef = 5440C4971FC6C9EA0073C74A /* _2345Tests.m */; };
		5440C4A31FC6C9EA0073C74A /* _2345UITests.m in Sources */ = {isa = PBXBuildFile; fileRef = 5440C4A21FC6C9EA0073C74A /* _2345UITests.m */; };
/* End PBXBuildFile section */

/* Begin PBXContainerItemProxy section */
		5440C4941FC6C9EA0073C74A /* PBXContainerItemProxy */ = {
			isa = PBXContainerItemProxy;
			containerPortal = 5440C4731FC6C9EA0073C74A /* Project object */;
			proxyType = 1;
			remoteGlobalIDString = 5440C47A1FC6C9EA0073C74A;
			remoteInfo = 12345;
		};
		5440C49F1FC6C9EA0073C74A /* PBXContainerItemProxy */ = {
			isa = PBXContainerItemProxy;
			containerPortal = 5440C4731FC6C9EA0073C74A /* Project object */;
			proxyType = 1;
			remoteGlobalIDString = 5440C47A1FC6C9EA0073C74A;
			remoteInfo = 12345;
		};
/* End PBXContainerItemProxy section */

/* Begin PBXFileReference section */
		5440C47B1FC6C9EA0073C74A /* 12345.app */ = {isa = PBXFileReference; explicitFileType = wrapper.application; includeInIndex = 0; path = 12345.app; sourceTree = BUILT_PRODUCTS_DIR; };
		5440C47E1FC6C9EA0073C74A /* AppDelegate.h */ = {isa = PBXFileReference; lastKnownFileType = sourcecode.c.h; path = AppDelegate.h; sourceTree = "<group>"; };
		5440C47F1FC6C9EA0073C74A /* AppDelegate.m */ = {isa = PBXFileReference; lastKnownFileType = sourcecode.c.objc; path = AppDelegate.m; sourceTree = "<group>"; };
		5440C4811FC6C9EA0073C74A /* ViewController.h */ = {isa = PBXFileReference; lastKnownFileType = sourcecode.c.h; path = ViewController.h; sourceTree = "<group>"; };
		5440C4821FC6C9EA0073C74A /* ViewController.m */ = {isa = PBXFileReference; lastKnownFileType = sourcecode.c.objc; path = ViewController.m; sourceTree = "<group>"; };
		5440C4851FC6C9EA0073C74A /* Base */ = {isa = PBXFileReference; lastKnownFileType = file.storyboard; name = Base; path = Base.lproj/Main.storyboard; sourceTree = "<group>"; };
		5440C4871FC6C9EA0073C74A /* Assets.xcassets */ = {isa = PBXFileReference; lastKnownFileType = folder.assetcatalog; path = Assets.xcassets; sourceTree = "<group>"; };
		5440C48A1FC6C9EA0073C74A /* Base */ = {isa = PBXFileReference; lastKnownFileType = file.storyboard; name = Base; path = Base.lproj/LaunchScreen.storyboard; sourceTree = "<group>"; };
		5440C48C1FC6C9EA0073C74A /* Info.plist */ = {isa = PBXFileReference; lastKnownFileType = text.plist.xml; path = Info.plist; sourceTree = "<group>"; };
		5440C48D1FC6C9EA0073C74A /* main.m */ = {isa = PBXFileReference; lastKnownFileType = sourcecode.c.objc; path = main.m; sourceTree = "<group>"; };
		5440C4931FC6C9EA0073C74A /* 12345Tests.xctest */ = {isa = PBXFileReference; explicitFileType = wrapper.cfbundle; includeInIndex = 0; path = 12345Tests.xctest; sourceTree = BUILT_PRODUCTS_DIR; };
		5440C4971FC6C9EA0073C74A /* _2345Tests.m */ = {isa = PBXFileReference; lastKnownFileType = sourcecode.c.objc; path = _2345Tests.m; sourceTree = "<group>"; };
		5440C4991FC6C9EA0073C74A /* Info.plist */ = {isa = PBXFileReference; lastKnownFileType = text.plist.xml; path = Info.plist; sourceTree = "<group>"; };
		5440C49E1FC6C9EA0073C74A /* 12345UITests.xctest */ = {isa = PBXFileReference; explicitFileType = wrapper.cfbundle; includeInIndex = 0; path = 12345UITests.xctest; sourceTree = BUILT_PRODUCTS_DIR; };
		5440C4A21FC6C9EA0073C74A /* _2345UITests.m */ = {isa = PBXFileReference; lastKnownFileType = sourcecode.c.objc; path = _2345UITests.m; sourceTree = "<group>"; };
		5440C4A41FC6C9EA0073C74A /* Info.plist */ = {isa = PBXFileReference; lastKnownFileType = text.plist.xml; path = Info.plist; sourceTree = "<group>"; };
/* End PBXFileReference section */

/* Begin PBXFrameworksBuildPhase section */
		5440C4781FC6C9EA0073C74A /* Frameworks */ = {
			isa = PBXFrameworksBuildPhase;
			buildActionMask = 2147483647;
			files = (
			);
			runOnlyForDeploymentPostprocessing = 0;
		};
		5440C4901FC6C9EA0073C74A /* Frameworks */ = {
			isa = PBXFrameworksBuildPhase;
			buildActionMask = 2147483647;
			files = (
			);
			runOnlyForDeploymentPostprocessing = 0;
		};
		5440C49B1FC6C9EA0073C74A /* Frameworks */ = {
			isa = PBXFrameworksBuildPhase;
			buildActionMask = 2147483647;
			files = (
			);
			runOnlyForDeploymentPostprocessing = 0;
		};
/* End PBXFrameworksBuildPhase section */

/* Begin PBXGroup section */
		5440C4721FC6C9E90073C74A = {
			isa = PBXGroup;
			children = (
				5440C47D1FC6C9EA0073C74A /* 12345 */,
				5440C4961FC6C9EA0073C74A /* 12345Tests */,
				5440C4A11FC6C9EA0073C74A /* 12345UITests */,
				5440C47C1FC6C9EA0073C74A /* Products */,
			);
			sourceTree = "<group>";
		};
		5440C47C1FC6C9EA0073C74A /* Products */ = {
			isa = PBXGroup;
			children = (
				5440C47B1FC6C9EA0073C74A /* 12345.app */,
				5440C4931FC6C9EA0073C74A /* 12345Tests.xctest */,
				5440C49E1FC6C9EA0073C74A /* 12345UITests.xctest */,
			);
			name = Products;
			sourceTree = "<group>";
		};
		5440C47D1FC6C9EA0073C74A /* 12345 */ = {
			isa = PBXGroup;
			children = (
				5440C47E1FC6C9EA0073C74A /* AppDelegate.h */,
				5440C47F1FC6C9EA0073C74A /* AppDelegate.m */,
				5440C4811FC6C9EA0073C74A /* ViewController.h */,
				5440C4821FC6C9EA0073C74A /* ViewController.m */,
				5440C4841FC6C9EA0073C74A /* Main.storyboard */,
				5440C4871FC6C9EA0073C74A /* Assets.xcassets */,
				5440C4891FC6C9EA0073C74A /* LaunchScreen.storyboard */,
				5440C48C1FC6C9EA0073C74A /* Info.plist */,
				5440C48D1FC6C9EA0073C74A /* main.m */,
			);
			path = 12345;
			sourceTree = "<group>";
		};
		5440C4961FC6C9EA0073C74A /* 12345Tests */ = {
			isa = PBXGroup;
			children = (
				5440C4971FC6C9EA0073C74A /* _2345Tests.m */,
				5440C4991FC6C9EA0073C74A /* Info.plist */,
			);
			path = 12345Tests;
			sourceTree = "<group>";
		};
		5440C4A11FC6C9EA0073C74A /* 12345UITests */ = {
			isa = PBXGroup;
			children = (
				5440C4A21FC6C9EA0073C74A /* _2345UITests.m */,
				5440C4A41FC6C9EA0073C74A /* Info.plist */,
			);
			path = 12345UITests;
			sourceTree = "<group>";
		};
/* End PBXGroup section */

/* Begin PBXNativeTarget section */
		5440C47A1FC6C9EA0073C74A /* 12345 */ = {
			isa = PBXNativeTarget;
			buildConfigurationList = 5440C4A71FC6C9EA0073C74A /* Build configuration list for PBXNativeTarget "12345" */;
			buildPhases = (
				5440C4771FC6C9EA0073C74A /* Sources */,
				5440C4781FC6C9EA0073C74A /* Frameworks */,
				5440C4791FC6C9EA0073C74A /* Resources */,
			);
			buildRules = (
			);
			dependencies = (
			);
			name = 12345;
			productName = 12345;
			productReference = 5440C47B1FC6C9EA0073C74A /* 12345.app */;
			productType = "com.apple.product-type.application";
		};
		5440C4921FC6C9EA0073C74A /* 12345Tests */ = {
			isa = PBXNativeTarget;
			buildConfigurationList = 5440C4AA1FC6C9EA0073C74A /* Build configuration list for PBXNativeTarget "12345Tests" */;
			buildPhases = (
				5440C48F1FC6C9EA0073C74A /* Sources */,
				5440C4901FC6C9EA0073C74A /* Frameworks */,
				5440C4911FC6C9EA0073C74A /* Resources */,
			);
			buildRules = (
			);
			dependencies = (
				5440C4951FC6C9EA0073C74A /* PBXTargetDependency */,
			);
			name = 12345Tests;
			productName = 12345Tests;
			productReference = 5440C4931FC6C9EA0073C74A /* 12345Tests.xctest */;
			productType = "com.apple.product-type.bundle.unit-test";
		};
		5440C49D1FC6C9EA0073C74A /* 12345UITests */ = {
			isa = PBXNativeTarget;
			buildConfigurationList = 5440C4AD1FC6C9EA0073C74A /* Build configuration list for PBXNativeTarget "12345UITests" */;
			buildPhases = (
				5440C49A1FC6C9EA0073C74A /* Sources */,
				5440C49B1FC6C9EA0073C74A /* Frameworks */,
				5440C49C1FC6C9EA0073C74A /* Resources */,
			);
			buildRules = (
			);
			dependencies = (
				5440C4A01FC6C9EA0073C74A /* PBXTargetDependency */,
			);
			name = 12345UITests;
			productName = 12345UITests;
			productReference = 5440C49E1FC6C9EA0073C74A /* 12345UITests.xctest */;
			productType = "com.apple.product-type.bundle.ui-testing";
		};
/* End PBXNativeTarget section */

/* Begin PBXProject section */
		5440C4731FC6C9EA0073C74A /* Project object */ = {
			isa = PBXProject;
			attributes = {
				LastUpgradeCheck = 0910;
				ORGANIZATIONNAME = LiuYuan;
				TargetAttributes = {
					5440C47A1FC6C9EA0073C74A = {
						CreatedOnToolsVersion = 9.1;
						ProvisioningStyle = Automatic;
					};
					5440C4921FC6C9EA0073C74A = {
						CreatedOnToolsVersion = 9.1;
						ProvisioningStyle = Automatic;
						TestTargetID = 5440C47A1FC6C9EA0073C74A;
					};
					5440C49D1FC6C9EA0073C74A = {
						CreatedOnToolsVersion = 9.1;
						ProvisioningStyle = Automatic;
						TestTargetID = 5440C47A1FC6C9EA0073C74A;
					};
				};
			};
			buildConfigurationList = 5440C4761FC6C9EA0073C74A /* Build configuration list for PBXProject "12345" */;
			compatibilityVersion = "Xcode 8.0";
			developmentRegion = en;
			hasScannedForEncodings = 0;
			knownRegions = (
				en,
				Base,
			);
			mainGroup = 5440C4721FC6C9E90073C74A;
			productRefGroup = 5440C47C1FC6C9EA0073C74A /* Products */;
			projectDirPath = "";
			projectRoot = "";
			targets = (
				5440C47A1FC6C9EA0073C74A /* 12345 */,
				5440C4921FC6C9EA0073C74A /* 12345Tests */,
				5440C49D1FC6C9EA0073C74A /* 12345UITests */,
			);
		};
/* End PBXProject section */

/* Begin PBXResourcesBuildPhase section */
		5440C4791FC6C9EA0073C74A /* Resources */ = {
			isa = PBXResourcesBuildPhase;
			buildActionMask = 2147483647;
			files = (
				5440C48B1FC6C9EA0073C74A /* LaunchScreen.storyboard in Resources */,
				5440C4881FC6C9EA0073C74A /* Assets.xcassets in Resources */,
				5440C4861FC6C9EA0073C74A /* Main.storyboard in Resources */,
			);
			runOnlyForDeploymentPostprocessing = 0;
		};
		5440C4911FC6C9EA0073C74A /* Resources */ = {
			isa = PBXResourcesBuildPhase;
			buildActionMask = 2147483647;
			files = (
			);
			runOnlyForDeploymentPostprocessing = 0;
		};
		5440C49C1FC6C9EA0073C74A /* Resources */ = {
			isa = PBXResourcesBuildPhase;
			buildActionMask = 2147483647;
			files = (
			);
			runOnlyForDeploymentPostprocessing = 0;
		};
/* End PBXResourcesBuildPhase section */

/* Begin PBXSourcesBuildPhase section */
		5440C4771FC6C9EA0073C74A /* Sources */ = {
			isa = PBXSourcesBuildPhase;
			buildActionMask = 2147483647;
			files = (
				5440C4831FC6C9EA0073C74A /* ViewController.m in Sources */,
				5440C48E1FC6C9EA0073C74A /* main.m in Sources */,
				5440C4801FC6C9EA0073C74A /* AppDelegate.m in Sources */,
			);
			runOnlyForDeploymentPostprocessing = 0;
		};
		5440C48F1FC6C9EA0073C74A /* Sources */ = {
			isa = PBXSourcesBuildPhase;
			buildActionMask = 2147483647;
			files = (
				5440C4981FC6C9EA0073C74A /* _2345Tests.m in Sources */,
			);
			runOnlyForDeploymentPostprocessing = 0;
		};
		5440C49A1FC6C9EA0073C74A /* Sources */ = {
			isa = PBXSourcesBuildPhase;
			buildActionMask = 2147483647;
			files = (
				5440C4A31FC6C9EA0073C74A /* _2345UITests.m in Sources */,
			);
			runOnlyForDeploymentPostprocessing = 0;
		};
/* End PBXSourcesBuildPhase section */

/* Begin PBXTargetDependency section */
		5440C4951FC6C9EA0073C74A /* PBXTargetDependency */ = {
			isa = PBXTargetDependency;
			target = 5440C47A1FC6C9EA0073C74A /* 12345 */;
			targetProxy = 5440C4941FC6C9EA0073C74A /* PBXContainerItemProxy */;
		};
		5440C4A01FC6C9EA0073C74A /* PBXTargetDependency */ = {
			isa = PBXTargetDependency;
			target = 5440C47A1FC6C9EA0073C74A /* 12345 */;
			targetProxy = 5440C49F1FC6C9EA0073C74A /* PBXContainerItemProxy */;
		};
/* End PBXTargetDependency section */

/* Begin PBXVariantGroup section */
		5440C4841FC6C9EA0073C74A /* Main.storyboard */ = {
			isa = PBXVariantGroup;
			children = (
				5440C4851FC6C9EA0073C74A /* Base */,
			);
			name = Main.storyboard;
			sourceTree = "<group>";
		};
		5440C4891FC6C9EA0073C74A /* LaunchScreen.storyboard */ = {
			isa = PBXVariantGroup;
			children = (
				5440C48A1FC6C9EA0073C74A /* Base */,
			);
			name = LaunchScreen.storyboard;
			sourceTree = "<group>";
		};
/* End PBXVariantGroup section */

/* Begin XCBuildConfiguration section */
		5440C4A51FC6C9EA0073C74A /* Debug */ = {
			isa = XCBuildConfiguration;
			buildSettings = {
				ALWAYS_SEARCH_USER_PATHS = NO;
				CLANG_ANALYZER_NONNULL = YES;
				CLANG_ANALYZER_NUMBER_OBJECT_CONVERSION = YES_AGGRESSIVE;
				CLANG_CXX_LANGUAGE_STANDARD = "gnu++14";
				CLANG_CXX_LIBRARY = "libc++";
				CLANG_ENABLE_MODULES = YES;
				CLANG_ENABLE_OBJC_ARC = YES;
				CLANG_WARN_BLOCK_CAPTURE_AUTORELEASING = YES;
				CLANG_WARN_BOOL_CONVERSION = YES;
				CLANG_WARN_COMMA = YES;
				CLANG_WARN_CONSTANT_CONVERSION = YES;
				CLANG_WARN_DIRECT_OBJC_ISA_USAGE = YES_ERROR;
				CLANG_WARN_DOCUMENTATION_COMMENTS = YES;
				CLANG_WARN_EMPTY_BODY = YES;
				CLANG_WARN_ENUM_CONVERSION = YES;
				CLANG_WARN_INFINITE_RECURSION = YES;
				CLANG_WARN_INT_CONVERSION = YES;
				CLANG_WARN_NON_LITERAL_NULL_CONVERSION = YES;
				CLANG_WARN_OBJC_LITERAL_CONVERSION = YES;
				CLANG_WARN_OBJC_ROOT_CLASS = YES_ERROR;
				CLANG_WARN_RANGE_LOOP_ANALYSIS = YES;
				CLANG_WARN_STRICT_PROTOTYPES = YES;
				CLANG_WARN_SUSPICIOUS_MOVE = YES;
				CLANG_WARN_UNGUARDED_AVAILABILITY = YES_AGGRESSIVE;
				CLANG_WARN_UNREACHABLE_CODE = YES;
				CLANG_WARN__DUPLICATE_METHOD_MATCH = YES;
				CODE_SIGN_IDENTITY = "iPhone Developer";
				COPY_PHASE_STRIP = NO;
				DEBUG_INFORMATION_FORMAT = dwarf;
				ENABLE_STRICT_OBJC_MSGSEND = YES;
				ENABLE_TESTABILITY = YES;
				GCC_C_LANGUAGE_STANDARD = gnu11;
				GCC_DYNAMIC_NO_PIC = NO;
				GCC_NO_COMMON_BLOCKS = YES;
				GCC_OPTIMIZATION_LEVEL = 0;
				GCC_PREPROCESSOR_DEFINITIONS = (
					"DEBUG=1",
					"$(inherited)",
				);
				GCC_WARN_64_TO_32_BIT_CONVERSION = YES;
				GCC_WARN_ABOUT_RETURN_TYPE = YES_ERROR;
				GCC_WARN_UNDECLARED_SELECTOR = YES;
				GCC_WARN_UNINITIALIZED_AUTOS = YES_AGGRESSIVE;
				GCC_WARN_UNUSED_FUNCTION = YES;
				GCC_WARN_UNUSED_VARIABLE = YES;
				IPHONEOS_DEPLOYMENT_TARGET = 11.1;
				MTL_ENABLE_DEBUG_INFO = YES;
				ONLY_ACTIVE_ARCH = YES;
				SDKROOT = iphoneos;
			};
			name = Debug;
		};
		5440C4A61FC6C9EA0073C74A /* Release */ = {
			isa = XCBuildConfiguration;
			buildSettings = {
				ALWAYS_SEARCH_USER_PATHS = NO;
				CLANG_ANALYZER_NONNULL = YES;
				CLANG_ANALYZER_NUMBER_OBJECT_CONVERSION = YES_AGGRESSIVE;
				CLANG_CXX_LANGUAGE_STANDARD = "gnu++14";
				CLANG_CXX_LIBRARY = "libc++";
				CLANG_ENABLE_MODULES = YES;
				CLANG_ENABLE_OBJC_ARC = YES;
				CLANG_WARN_BLOCK_CAPTURE_AUTORELEASING = YES;
				CLANG_WARN_BOOL_CONVERSION = YES;
				CLANG_WARN_COMMA = YES;
				CLANG_WARN_CONSTANT_CONVERSION = YES;
				CLANG_WARN_DIRECT_OBJC_ISA_USAGE = YES_ERROR;
				CLANG_WARN_DOCUMENTATION_COMMENTS = YES;
				CLANG_WARN_EMPTY_BODY = YES;
				CLANG_WARN_ENUM_CONVERSION = YES;
				CLANG_WARN_INFINITE_RECURSION = YES;
				CLANG_WARN_INT_CONVERSION = YES;
				CLANG_WARN_NON_LITERAL_NULL_CONVERSION = YES;
				CLANG_WARN_OBJC_LITERAL_CONVERSION = YES;
				CLANG_WARN_OBJC_ROOT_CLASS = YES_ERROR;
				CLANG_WARN_RANGE_LOOP_ANALYSIS = YES;
				CLANG_WARN_STRICT_PROTOTYPES = YES;
				CLANG_WARN_SUSPICIOUS_MOVE = YES;
				CLANG_WARN_UNGUARDED_AVAILABILITY = YES_AGGRESSIVE;
				CLANG_WARN_UNREACHABLE_CODE = YES;
				CLANG_WARN__DUPLICATE_METHOD_MATCH = YES;
				CODE_SIGN_IDENTITY = "iPhone Developer";
				COPY_PHASE_STRIP = NO;
				DEBUG_INFORMATION_FORMAT = "dwarf-with-dsym";
				ENABLE_NS_ASSERTIONS = NO;
				ENABLE_STRICT_OBJC_MSGSEND = YES;
				GCC_C_LANGUAGE_STANDARD = gnu11;
				GCC_NO_COMMON_BLOCKS = YES;
				GCC_WARN_64_TO_32_BIT_CONVERSION = YES;
				GCC_WARN_ABOUT_RETURN_TYPE = YES_ERROR;
				GCC_WARN_UNDECLARED_SELECTOR = YES;
				GCC_WARN_UNINITIALIZED_AUTOS = YES_AGGRESSIVE;
				GCC_WARN_UNUSED_FUNCTION = YES;
				GCC_WARN_UNUSED_VARIABLE = YES;
				IPHONEOS_DEPLOYMENT_TARGET = 11.1;
				MTL_ENABLE_DEBUG_INFO = NO;
				SDKROOT = iphoneos;
				VALIDATE_PRODUCT = YES;
			};
			name = Release;
		};
		5440C4A81FC6C9EA0073C74A /* Debug */ = {
			isa = XCBuildConfiguration;
			buildSettings = {
				ASSETCATALOG_COMPILER_APPICON_NAME = AppIcon;
				CODE_SIGN_STYLE = Automatic;
				INFOPLIST_FILE = 12345/Info.plist;
				LD_RUNPATH_SEARCH_PATHS = "$(inherited) @executable_path/Frameworks";
				PRODUCT_BUNDLE_IDENTIFIER = "LiuYuan.-2345";
				PRODUCT_NAME = "$(TARGET_NAME)";
				TARGETED_DEVICE_FAMILY = "1,2";
			};
			name = Debug;
		};
		5440C4A91FC6C9EA0073C74A /* Release */ = {
			isa = XCBuildConfiguration;
			buildSettings = {
				ASSETCATALOG_COMPILER_APPICON_NAME = AppIcon;
				CODE_SIGN_STYLE = Automatic;
				INFOPLIST_FILE = 12345/Info.plist;
				LD_RUNPATH_SEARCH_PATHS = "$(inherited) @executable_path/Frameworks";
				PRODUCT_BUNDLE_IDENTIFIER = "LiuYuan.-2345";
				PRODUCT_NAME = "$(TARGET_NAME)";
				TARGETED_DEVICE_FAMILY = "1,2";
			};
			name = Release;
		};
		5440C4AB1FC6C9EA0073C74A /* Debug */ = {
			isa = XCBuildConfiguration;
			buildSettings = {
				BUNDLE_LOADER = "$(TEST_HOST)";
				CODE_SIGN_STYLE = Automatic;
				INFOPLIST_FILE = 12345Tests/Info.plist;
				LD_RUNPATH_SEARCH_PATHS = "$(inherited) @executable_path/Frameworks @loader_path/Frameworks";
				PRODUCT_BUNDLE_IDENTIFIER = "LiuYuan.-2345Tests";
				PRODUCT_NAME = "$(TARGET_NAME)";
				TARGETED_DEVICE_FAMILY = "1,2";
				TEST_HOST = "$(BUILT_PRODUCTS_DIR)/12345.app/12345";
			};
			name = Debug;
		};
		5440C4AC1FC6C9EA0073C74A /* Release */ = {
			isa = XCBuildConfiguration;
			buildSettings = {
				BUNDLE_LOADER = "$(TEST_HOST)";
				CODE_SIGN_STYLE = Automatic;
				INFOPLIST_FILE = 12345Tests/Info.plist;
				LD_RUNPATH_SEARCH_PATHS = "$(inherited) @executable_path/Frameworks @loader_path/Frameworks";
				PRODUCT_BUNDLE_IDENTIFIER = "LiuYuan.-2345Tests";
				PRODUCT_NAME = "$(TARGET_NAME)";
				TARGETED_DEVICE_FAMILY = "1,2";
				TEST_HOST = "$(BUILT_PRODUCTS_DIR)/12345.app/12345";
			};
			name = Release;
		};
		5440C4AE1FC6C9EA0073C74A /* Debug */ = {
			isa = XCBuildConfiguration;
			buildSettings = {
				CODE_SIGN_STYLE = Automatic;
				INFOPLIST_FILE = 12345UITests/Info.plist;
				LD_RUNPATH_SEARCH_PATHS = "$(inherited) @executable_path/Frameworks @loader_path/Frameworks";
				PRODUCT_BUNDLE_IDENTIFIER = "LiuYuan.-2345UITests";
				PRODUCT_NAME = "$(TARGET_NAME)";
				TARGETED_DEVICE_FAMILY = "1,2";
				TEST_TARGET_NAME = 12345;
			};
			name = Debug;
		};
		5440C4AF1FC6C9EA0073C74A /* Release */ = {
			isa = XCBuildConfiguration;
			buildSettings = {
				CODE_SIGN_STYLE = Automatic;
				INFOPLIST_FILE = 12345UITests/Info.plist;
				LD_RUNPATH_SEARCH_PATHS = "$(inherited) @executable_path/Frameworks @loader_path/Frameworks";
				PRODUCT_BUNDLE_IDENTIFIER = "LiuYuan.-2345UITests";
				PRODUCT_NAME = "$(TARGET_NAME)";
				TARGETED_DEVICE_FAMILY = "1,2";
				TEST_TARGET_NAME = 12345;
			};
			name = Release;
		};
/* End XCBuildConfiguration section */

/* Begin XCConfigurationList section */
		5440C4761FC6C9EA0073C74A /* Build configuration list for PBXProject "12345" */ = {
			isa = XCConfigurationList;
			buildConfigurations = (
				5440C4A51FC6C9EA0073C74A /* Debug */,
				5440C4A61FC6C9EA0073C74A /* Release */,
			);
			defaultConfigurationIsVisible = 0;
			defaultConfigurationName = Release;
		};
		5440C4A71FC6C9EA0073C74A /* Build configuration list for PBXNativeTarget "12345" */ = {
			isa = XCConfigurationList;
			buildConfigurations = (
				5440C4A81FC6C9EA0073C74A /* Debug */,
				5440C4A91FC6C9EA0073C74A /* Release */,
			);
			defaultConfigurationIsVisible = 0;
			defaultConfigurationName = Release;
		};
		5440C4AA1FC6C9EA0073C74A /* Build configuration list for PBXNativeTarget "12345Tests" */ = {
			isa = XCConfigurationList;
			buildConfigurations = (
				5440C4AB1FC6C9EA0073C74A /* Debug */,
				5440C4AC1FC6C9EA0073C74A /* Release */,
			);
			defaultConfigurationIsVisible = 0;
			defaultConfigurationName = Release;
		};
		5440C4AD1FC6C9EA0073C74A /* Build configuration list for PBXNativeTarget "12345UITests" */ = {
			isa = XCConfigurationList;
			buildConfigurations = (
				5440C4AE1FC6C9EA0073C74A /* Debug */,
				5440C4AF1FC6C9EA0073C74A /* Release */,
			);
			defaultConfigurationIsVisible = 0;
			defaultConfigurationName = Release;
		};
/* End XCConfigurationList section */
	};
	rootObject = 5440C4731FC6C9EA0073C74A /* Project object */;
}
